
Microsoft Visual Studio Solution File, Format Version 12.00
# Visual Studio Version 17
VisualStudioVersion = 17.0.31717.71
MinimumVisualStudioVersion = 15.0.26124.0
Project("{2150E333-8FDC-42A3-9474-1A3956D46DE8}") = "Solution Items", "Solution Items", "{29C81B48-7ADA-4C89-B454-45B623039C09}"
	ProjectSection(SolutionItems) = preProject
		..\.editorconfig = ..\.editorconfig
	EndProjectSection
EndProject
Project("{6EC3EE1D-3C4E-46DD-8F32-0CC8E7565705}") = "src.Client", "src.Client\src.Client.fsproj", "{19EBA607-D336-49D6-AAA4-0BF04DA111F4}"
EndProject
Project("{6EC3EE1D-3C4E-46DD-8F32-0CC8E7565705}") = "src.Server", "src.Server\src.Server.fsproj", "{DF867BD7-F74A-451E-A7B0-1081F9808A70}"
EndProject
Global
	GlobalSection(SolutionConfigurationPlatforms) = preSolution
		Debug|Any CPU = Debug|Any CPU
		Release|Any CPU = Release|Any CPU
	EndGlobalSection
	GlobalSection(ProjectConfigurationPlatforms) = postSolution
		{19EBA607-D336-49D6-AAA4-0BF04DA111F4}.Debug|Any CPU.ActiveCfg = Debug|Any CPU
		{19EBA607-D336-49D6-AAA4-0BF04DA111F4}.Debug|Any CPU.Build.0 = Debug|Any CPU
		{19EBA607-D336-49D6-AAA4-0BF04DA111F4}.Release|Any CPU.ActiveCfg = Release|Any CPU
		{19EBA607-D336-49D6-AAA4-0BF04DA111F4}.Release|Any CPU.Build.0 = Release|Any CPU
		{DF867BD7-F74A-451E-A7B0-1081F9808A70}.Debug|Any CPU.ActiveCfg = Debug|Any CPU
		{DF867BD7-F74A-451E-A7B0-1081F9808A70}.Debug|Any CPU.Build.0 = Debug|Any CPU
		{DF867BD7-F74A-451E-A7B0-1081F9808A70}.Release|Any CPU.ActiveCfg = Release|Any CPU
		{DF867BD7-F74A-451E-A7B0-1081F9808A70}.Release|Any CPU.Build.0 = Release|Any CPU
	EndGlobalSection
	GlobalSection(SolutionProperties) = preSolution
		HideSolutionNode = FALSE
	EndGlobalSection
	GlobalSection(ExtensibilityGlobals) = postSolution
		SolutionGuid = {EBF86A4A-E639-4F62-AAEE-EAD045707B45}
	EndGlobalSection
EndGlobal
